
Microsoft Visual Studio Solution File, Format Version 12.00
# Visual Studio Version 16
VisualStudioVersion = 16.0.31019.35
MinimumVisualStudioVersion = 10.0.40219.1
Project("{FAE04EC0-301F-11D3-BF4B-00C04F79EFBC}") = "StudentGraphQL", "StudentGraphQL.csproj", "{16B53837-90B8-42A4-A5AF-568443ABBFEF}"
EndProject
Global
	GlobalSection(SolutionConfigurationPlatforms) = preSolution
		Debug|Any CPU = Debug|Any CPU
		Release|Any CPU = Release|Any CPU
	EndGlobalSection
	GlobalSection(ProjectConfigurationPlatforms) = postSolution
		{16B53837-90B8-42A4-A5AF-568443ABBFEF}.Debug|Any CPU.ActiveCfg = Debug|Any CPU
		{16B53837-90B8-42A4-A5AF-568443ABBFEF}.Debug|Any CPU.Build.0 = Debug|Any CPU
		{16B53837-90B8-42A4-A5AF-568443ABBFEF}.Release|Any CPU.ActiveCfg = Release|Any CPU
		{16B53837-90B8-42A4-A5AF-568443ABBFEF}.Release|Any CPU.Build.0 = Release|Any CPU
	EndGlobalSection
	GlobalSection(SolutionProperties) = preSolution
		HideSolutionNode = FALSE
	EndGlobalSection
	GlobalSection(ExtensibilityGlobals) = postSolution
		SolutionGuid = {26856CB0-C7E0-4455-A91B-3FAF667E8FCA}
	EndGlobalSection
EndGlobal
